{
  "name": "test-results-reporter",
  "version": "0.0.2",
  "lockfileVersion": 1,
  "requires": true,
  "dependencies": {
    "centra": {
      "version": "2.5.0",
      "resolved": "https://registry.npmjs.org/centra/-/centra-2.5.0.tgz",
      "integrity": "sha512-CnSF1HD8vOOgNbE4P2fZEhdhfAohvpcF3DSdSvEcSHDAZvr+Xfw73isT8SXJJc3VMBqSwjXhr29/ikHUgFcypg=="
    },
    "colon-notation": {
      "version": "1.2.1",
      "resolved": "https://registry.npmjs.org/colon-notation/-/colon-notation-1.2.1.tgz",
      "integrity": "sha512-WY0rL64V5GiftuqYylUMcM9q+NdOVdFt6IxnapgALGSVG7Yk82cAqRoK5MeakM0b16ZQY0lkHJzxmwBExlJL7A=="
    },
    "mri": {
      "version": "1.1.6",
      "resolved": "https://registry.npmjs.org/mri/-/mri-1.1.6.tgz",
      "integrity": "sha512-oi1b3MfbyGa7FJMP9GmLTttni5JoICpYBRlq+x5V16fZbLsnL9N3wFqqIm/nIG43FjUFkFh9Epzp/kzUGUnJxQ=="
    },
    "phin": {
      "version": "3.6.0",
      "resolved": "https://registry.npmjs.org/phin/-/phin-3.6.0.tgz",
      "integrity": "sha512-nYY4Qh/yGCoxcwOAS2UfCM8+nVJcbI4f9NC4M4zPAsuswnIIS2aB14uYAbvdxP/4DqzXfrpadT2WQOx9mLDyTA==",
      "requires": {
        "centra": "^2.4.2"
      }
    },
    "phin-retry": {
      "version": "1.0.3",
      "resolved": "https://registry.npmjs.org/phin-retry/-/phin-retry-1.0.3.tgz",
      "integrity": "sha512-pQhFQP8UTo6EeDKdC6D0kYaIfodJa047aCXnWUed8E4026tHhdW1+BvWt7fNUKdllQ0Pton3dRVvTt3vx1tSiw==",
      "requires": {
        "phin": "^3.4.1"
      }
    },
    "sade": {
      "version": "1.7.4",
      "resolved": "https://registry.npmjs.org/sade/-/sade-1.7.4.tgz",
      "integrity": "sha512-y5yauMD93rX840MwUJr7C1ysLFBgMspsdTo4UVrDg3fXDvtwOyIqykhVAAm6fk/3au77773itJStObgK+LKaiA==",
      "requires": {
        "mri": "^1.1.0"
      }
    },
    "simple-xml-to-json": {
      "version": "1.0.7",
      "resolved": "https://registry.npmjs.org/simple-xml-to-json/-/simple-xml-to-json-1.0.7.tgz",
      "integrity": "sha512-+/wZDXEADb1oC0zstvxaaeAZ+w6Y7chJ2UXi5q98jYm/rBd5XbuRrS+yPtPUU+y0iq9nw7ysOEJl3DIJQXijdA=="
    }
  }
}
