{
  "name": "test-results-reporter",
  "version": "0.0.1",
  "lockfileVersion": 1,
  "requires": true,
  "dependencies": {
    "mri": {
      "version": "1.1.6",
      "resolved": "https://registry.npmjs.org/mri/-/mri-1.1.6.tgz",
      "integrity": "sha512-oi1b3MfbyGa7FJMP9GmLTttni5JoICpYBRlq+x5V16fZbLsnL9N3wFqqIm/nIG43FjUFkFh9Epzp/kzUGUnJxQ=="
    },
    "sade": {
      "version": "1.7.4",
      "resolved": "https://registry.npmjs.org/sade/-/sade-1.7.4.tgz",
      "integrity": "sha512-y5yauMD93rX840MwUJr7C1ysLFBgMspsdTo4UVrDg3fXDvtwOyIqykhVAAm6fk/3au77773itJStObgK+LKaiA==",
      "requires": {
        "mri": "^1.1.0"
      }
    },
    "simple-xml-to-json": {
      "version": "1.0.7",
      "resolved": "https://registry.npmjs.org/simple-xml-to-json/-/simple-xml-to-json-1.0.7.tgz",
      "integrity": "sha512-+/wZDXEADb1oC0zstvxaaeAZ+w6Y7chJ2UXi5q98jYm/rBd5XbuRrS+yPtPUU+y0iq9nw7ysOEJl3DIJQXijdA=="
    }
  }
}
